
Microsoft Visual Studio Solution File, Format Version 12.00
# Visual Studio Version 17
VisualStudioVersion = 17.10.35013.160
MinimumVisualStudioVersion = 10.0.40219.1
Project("{FAE04EC0-301F-11D3-BF4B-00C04F79EFBC}") = "20250915_MyFirstProjectOnGitHub", "20250915_MyFirstProjectOnGitHub.csproj", "{969D75CA-6A17-4D64-AEB2-290712127D73}"
EndProject
Global
	GlobalSection(SolutionConfigurationPlatforms) = preSolution
		Debug|Any CPU = Debug|Any CPU
		Release|Any CPU = Release|Any CPU
	EndGlobalSection
	GlobalSection(ProjectConfigurationPlatforms) = postSolution
		{969D75CA-6A17-4D64-AEB2-290712127D73}.Debug|Any CPU.ActiveCfg = Debug|Any CPU
		{969D75CA-6A17-4D64-AEB2-290712127D73}.Debug|Any CPU.Build.0 = Debug|Any CPU
		{969D75CA-6A17-4D64-AEB2-290712127D73}.Release|Any CPU.ActiveCfg = Release|Any CPU
		{969D75CA-6A17-4D64-AEB2-290712127D73}.Release|Any CPU.Build.0 = Release|Any CPU
	EndGlobalSection
	GlobalSection(SolutionProperties) = preSolution
		HideSolutionNode = FALSE
	EndGlobalSection
	GlobalSection(ExtensibilityGlobals) = postSolution
		SolutionGuid = {45D552D0-B263-429E-9FF4-028197B676C5}
	EndGlobalSection
EndGlobal
